
Microsoft Visual Studio Solution File, Format Version 12.00
# Visual Studio Version 17
VisualStudioVersion = 17.12.35707.178
MinimumVisualStudioVersion = 10.0.40219.1
Project("{9A19103F-16F7-4668-BE54-9A1E7A4F7556}") = "logica_programacao_tarde_ter_qui", "logica_programacao_tarde_ter_qui\logica_programacao_tarde_ter_qui.csproj", "{1E981F2F-0B38-4C28-A3CF-8368DBFB775D}"
EndProject
Project("{9A19103F-16F7-4668-BE54-9A1E7A4F7556}") = "Ex01", "Ex01\Ex01.csproj", "{649D9D80-4CF0-4FB8-A7B5-A77EC4BB1ED3}"
EndProject
Project("{9A19103F-16F7-4668-BE54-9A1E7A4F7556}") = "Ex02", "Ex02\Ex02.csproj", "{BDCD057F-86DD-4AFC-A664-9A62D0E1739B}"
EndProject
Project("{9A19103F-16F7-4668-BE54-9A1E7A4F7556}") = "Ex03", "Ex03\Ex03.csproj", "{1324B8D6-9514-482C-8CD7-B1B7687A0B81}"
EndProject
Project("{9A19103F-16F7-4668-BE54-9A1E7A4F7556}") = "Ex04", "Ex04\Ex04.csproj", "{BE179C23-7E02-4529-9FB7-5F0123ED2771}"
EndProject
Project("{9A19103F-16F7-4668-BE54-9A1E7A4F7556}") = "Ex05", "Ex05\Ex05.csproj", "{FBA3EEAB-4CDE-4AB3-BBAF-4E179212F790}"
EndProject
Project("{9A19103F-16F7-4668-BE54-9A1E7A4F7556}") = "Ex06", "Ex06\Ex06.csproj", "{426DD3BA-BF4E-4C9A-B58E-5AD2013B76C5}"
EndProject
Project("{9A19103F-16F7-4668-BE54-9A1E7A4F7556}") = "Ex07", "Ex07\Ex07.csproj", "{D1551DB9-F5FC-4DA0-BDB4-3A5D91F18819}"
EndProject
Project("{9A19103F-16F7-4668-BE54-9A1E7A4F7556}") = "Ex08", "Ex08\Ex08.csproj", "{80BB029A-9367-4132-A96E-D6566908349F}"
EndProject
Project("{9A19103F-16F7-4668-BE54-9A1E7A4F7556}") = "Ex09", "Ex09\Ex09.csproj", "{30DD7EB2-DD98-4F9F-AA43-78C1010EA74E}"
EndProject
Project("{9A19103F-16F7-4668-BE54-9A1E7A4F7556}") = "Ex10", "Ex10\Ex10.csproj", "{860527A6-F0FD-439C-981F-523AC881A373}"
EndProject
Project("{FAE04EC0-301F-11D3-BF4B-00C04F79EFBC}") = "Ex11", "Ex11\Ex11.csproj", "{FC82D623-DD09-4F25-831F-92A5F6BCF802}"
EndProject
Global
	GlobalSection(SolutionConfigurationPlatforms) = preSolution
		Debug|Any CPU = Debug|Any CPU
		Release|Any CPU = Release|Any CPU
	EndGlobalSection
	GlobalSection(ProjectConfigurationPlatforms) = postSolution
		{1E981F2F-0B38-4C28-A3CF-8368DBFB775D}.Debug|Any CPU.ActiveCfg = Debug|Any CPU
		{1E981F2F-0B38-4C28-A3CF-8368DBFB775D}.Debug|Any CPU.Build.0 = Debug|Any CPU
		{1E981F2F-0B38-4C28-A3CF-8368DBFB775D}.Release|Any CPU.ActiveCfg = Release|Any CPU
		{1E981F2F-0B38-4C28-A3CF-8368DBFB775D}.Release|Any CPU.Build.0 = Release|Any CPU
		{649D9D80-4CF0-4FB8-A7B5-A77EC4BB1ED3}.Debug|Any CPU.ActiveCfg = Debug|Any CPU
		{649D9D80-4CF0-4FB8-A7B5-A77EC4BB1ED3}.Debug|Any CPU.Build.0 = Debug|Any CPU
		{649D9D80-4CF0-4FB8-A7B5-A77EC4BB1ED3}.Release|Any CPU.ActiveCfg = Release|Any CPU
		{649D9D80-4CF0-4FB8-A7B5-A77EC4BB1ED3}.Release|Any CPU.Build.0 = Release|Any CPU
		{BDCD057F-86DD-4AFC-A664-9A62D0E1739B}.Debug|Any CPU.ActiveCfg = Debug|Any CPU
		{BDCD057F-86DD-4AFC-A664-9A62D0E1739B}.Debug|Any CPU.Build.0 = Debug|Any CPU
		{BDCD057F-86DD-4AFC-A664-9A62D0E1739B}.Release|Any CPU.ActiveCfg = Release|Any CPU
		{BDCD057F-86DD-4AFC-A664-9A62D0E1739B}.Release|Any CPU.Build.0 = Release|Any CPU
		{1324B8D6-9514-482C-8CD7-B1B7687A0B81}.Debug|Any CPU.ActiveCfg = Debug|Any CPU
		{1324B8D6-9514-482C-8CD7-B1B7687A0B81}.Debug|Any CPU.Build.0 = Debug|Any CPU
		{1324B8D6-9514-482C-8CD7-B1B7687A0B81}.Release|Any CPU.ActiveCfg = Release|Any CPU
		{1324B8D6-9514-482C-8CD7-B1B7687A0B81}.Release|Any CPU.Build.0 = Release|Any CPU
		{BE179C23-7E02-4529-9FB7-5F0123ED2771}.Debug|Any CPU.ActiveCfg = Debug|Any CPU
		{BE179C23-7E02-4529-9FB7-5F0123ED2771}.Debug|Any CPU.Build.0 = Debug|Any CPU
		{BE179C23-7E02-4529-9FB7-5F0123ED2771}.Release|Any CPU.ActiveCfg = Release|Any CPU
		{BE179C23-7E02-4529-9FB7-5F0123ED2771}.Release|Any CPU.Build.0 = Release|Any CPU
		{FBA3EEAB-4CDE-4AB3-BBAF-4E179212F790}.Debug|Any CPU.ActiveCfg = Debug|Any CPU
		{FBA3EEAB-4CDE-4AB3-BBAF-4E179212F790}.Debug|Any CPU.Build.0 = Debug|Any CPU
		{FBA3EEAB-4CDE-4AB3-BBAF-4E179212F790}.Release|Any CPU.ActiveCfg = Release|Any CPU
		{FBA3EEAB-4CDE-4AB3-BBAF-4E179212F790}.Release|Any CPU.Build.0 = Release|Any CPU
		{426DD3BA-BF4E-4C9A-B58E-5AD2013B76C5}.Debug|Any CPU.ActiveCfg = Debug|Any CPU
		{426DD3BA-BF4E-4C9A-B58E-5AD2013B76C5}.Debug|Any CPU.Build.0 = Debug|Any CPU
		{426DD3BA-BF4E-4C9A-B58E-5AD2013B76C5}.Release|Any CPU.ActiveCfg = Release|Any CPU
		{426DD3BA-BF4E-4C9A-B58E-5AD2013B76C5}.Release|Any CPU.Build.0 = Release|Any CPU
		{D1551DB9-F5FC-4DA0-BDB4-3A5D91F18819}.Debug|Any CPU.ActiveCfg = Debug|Any CPU
		{D1551DB9-F5FC-4DA0-BDB4-3A5D91F18819}.Debug|Any CPU.Build.0 = Debug|Any CPU
		{D1551DB9-F5FC-4DA0-BDB4-3A5D91F18819}.Release|Any CPU.ActiveCfg = Release|Any CPU
		{D1551DB9-F5FC-4DA0-BDB4-3A5D91F18819}.Release|Any CPU.Build.0 = Release|Any CPU
		{80BB029A-9367-4132-A96E-D6566908349F}.Debug|Any CPU.ActiveCfg = Debug|Any CPU
		{80BB029A-9367-4132-A96E-D6566908349F}.Debug|Any CPU.Build.0 = Debug|Any CPU
		{80BB029A-9367-4132-A96E-D6566908349F}.Release|Any CPU.ActiveCfg = Release|Any CPU
		{80BB029A-9367-4132-A96E-D6566908349F}.Release|Any CPU.Build.0 = Release|Any CPU
		{30DD7EB2-DD98-4F9F-AA43-78C1010EA74E}.Debug|Any CPU.ActiveCfg = Debug|Any CPU
		{30DD7EB2-DD98-4F9F-AA43-78C1010EA74E}.Debug|Any CPU.Build.0 = Debug|Any CPU
		{30DD7EB2-DD98-4F9F-AA43-78C1010EA74E}.Release|Any CPU.ActiveCfg = Release|Any CPU
		{30DD7EB2-DD98-4F9F-AA43-78C1010EA74E}.Release|Any CPU.Build.0 = Release|Any CPU
		{860527A6-F0FD-439C-981F-523AC881A373}.Debug|Any CPU.ActiveCfg = Debug|Any CPU
		{860527A6-F0FD-439C-981F-523AC881A373}.Debug|Any CPU.Build.0 = Debug|Any CPU
		{860527A6-F0FD-439C-981F-523AC881A373}.Release|Any CPU.ActiveCfg = Release|Any CPU
		{860527A6-F0FD-439C-981F-523AC881A373}.Release|Any CPU.Build.0 = Release|Any CPU
		{FC82D623-DD09-4F25-831F-92A5F6BCF802}.Debug|Any CPU.ActiveCfg = Debug|Any CPU
		{FC82D623-DD09-4F25-831F-92A5F6BCF802}.Debug|Any CPU.Build.0 = Debug|Any CPU
		{FC82D623-DD09-4F25-831F-92A5F6BCF802}.Release|Any CPU.ActiveCfg = Release|Any CPU
		{FC82D623-DD09-4F25-831F-92A5F6BCF802}.Release|Any CPU.Build.0 = Release|Any CPU
	EndGlobalSection
	GlobalSection(SolutionProperties) = preSolution
		HideSolutionNode = FALSE
	EndGlobalSection
	GlobalSection(ExtensibilityGlobals) = postSolution
		SolutionGuid = {4308FC29-8255-4B95-BFAB-9D9ED029DF22}
	EndGlobalSection
EndGlobal
